
Microsoft Visual Studio Solution File, Format Version 12.00
# Visual Studio Version 17
VisualStudioVersion = 17.4.33103.184
MinimumVisualStudioVersion = 10.0.40219.1
Project("{FAE04EC0-301F-11D3-BF4B-00C04F79EFBC}") = "LINQ  ASSIGN", "LINQ  ASSIGN\LINQ  ASSIGN.csproj", "{8B5ECE14-D85B-412E-B51C-D6D40EF26716}"
EndProject
Global
	GlobalSection(SolutionConfigurationPlatforms) = preSolution
		Debug|Any CPU = Debug|Any CPU
		Release|Any CPU = Release|Any CPU
	EndGlobalSection
	GlobalSection(ProjectConfigurationPlatforms) = postSolution
		{8B5ECE14-D85B-412E-B51C-D6D40EF26716}.Debug|Any CPU.ActiveCfg = Debug|Any CPU
		{8B5ECE14-D85B-412E-B51C-D6D40EF26716}.Debug|Any CPU.Build.0 = Debug|Any CPU
		{8B5ECE14-D85B-412E-B51C-D6D40EF26716}.Release|Any CPU.ActiveCfg = Release|Any CPU
		{8B5ECE14-D85B-412E-B51C-D6D40EF26716}.Release|Any CPU.Build.0 = Release|Any CPU
	EndGlobalSection
	GlobalSection(SolutionProperties) = preSolution
		HideSolutionNode = FALSE
	EndGlobalSection
	GlobalSection(ExtensibilityGlobals) = postSolution
		SolutionGuid = {B29EE67E-EF39-48B4-8A08-FB13E769758B}
	EndGlobalSection
EndGlobal
